
Microsoft Visual Studio Solution File, Format Version 11.00
# Visual Studio 2010
Project("{FAE04EC0-301F-11D3-BF4B-00C04F79EFBC}") = "Assembly-CSharp", "Assembly-CSharp.csproj", "{3C4E617D-C7C8-BAB4-E495-B33A8BDBEF38}"
EndProject
Project("{FAE04EC0-301F-11D3-BF4B-00C04F79EFBC}") = "Assembly-CSharp-Editor", "Assembly-CSharp-Editor.csproj", "{B54D6A4F-86D2-2C34-F859-3F71B555B434}"
EndProject
Global
	GlobalSection(SolutionConfigurationPlatforms) = preSolution
		Debug|Any CPU = Debug|Any CPU
		Release|Any CPU = Release|Any CPU
	EndGlobalSection
	GlobalSection(ProjectConfigurationPlatforms) = postSolution
		{3C4E617D-C7C8-BAB4-E495-B33A8BDBEF38}.Debug|Any CPU.ActiveCfg = Debug|Any CPU
		{3C4E617D-C7C8-BAB4-E495-B33A8BDBEF38}.Debug|Any CPU.Build.0 = Debug|Any CPU
		{3C4E617D-C7C8-BAB4-E495-B33A8BDBEF38}.Release|Any CPU.ActiveCfg = Release|Any CPU
		{3C4E617D-C7C8-BAB4-E495-B33A8BDBEF38}.Release|Any CPU.Build.0 = Release|Any CPU
		{B54D6A4F-86D2-2C34-F859-3F71B555B434}.Debug|Any CPU.ActiveCfg = Debug|Any CPU
		{B54D6A4F-86D2-2C34-F859-3F71B555B434}.Debug|Any CPU.Build.0 = Debug|Any CPU
		{B54D6A4F-86D2-2C34-F859-3F71B555B434}.Release|Any CPU.ActiveCfg = Release|Any CPU
		{B54D6A4F-86D2-2C34-F859-3F71B555B434}.Release|Any CPU.Build.0 = Release|Any CPU
	EndGlobalSection
	GlobalSection(SolutionProperties) = preSolution
		HideSolutionNode = FALSE
	EndGlobalSection
EndGlobal
